Microsoft Visual Studio Solution File, Format Version 12.00
# Visual Studio Version 17
VisualStudioVersion = 17.5.2.0
MinimumVisualStudioVersion = 10.0.40219.1
Project("{2150E333-8FDC-42A3-9474-1A3956D46DE8}") = "Semestre 3", "Semestre 3", "{47368418-7441-B8DA-C99B-5FE506E2073F}"
EndProject
Project("{2150E333-8FDC-42A3-9474-1A3956D46DE8}") = "Backend", "Backend", "{264AB4A7-31E5-1605-7432-438730A7A013}"
EndProject
Project("{FAE04EC0-301F-11D3-BF4B-00C04F79EFBC}") = "teste", "Semestre 3\Backend\teste\teste.csproj", "{54E9418E-DF80-DD63-837B-DC268882575D}"
EndProject
Global
	GlobalSection(SolutionConfigurationPlatforms) = preSolution
		Debug|Any CPU = Debug|Any CPU
		Release|Any CPU = Release|Any CPU
	EndGlobalSection
	GlobalSection(ProjectConfigurationPlatforms) = postSolution
		{54E9418E-DF80-DD63-837B-DC268882575D}.Debug|Any CPU.ActiveCfg = Debug|Any CPU
		{54E9418E-DF80-DD63-837B-DC268882575D}.Debug|Any CPU.Build.0 = Debug|Any CPU
		{54E9418E-DF80-DD63-837B-DC268882575D}.Release|Any CPU.ActiveCfg = Release|Any CPU
		{54E9418E-DF80-DD63-837B-DC268882575D}.Release|Any CPU.Build.0 = Release|Any CPU
	EndGlobalSection
	GlobalSection(SolutionProperties) = preSolution
		HideSolutionNode = FALSE
	EndGlobalSection
	GlobalSection(NestedProjects) = preSolution
		{264AB4A7-31E5-1605-7432-438730A7A013} = {47368418-7441-B8DA-C99B-5FE506E2073F}
		{54E9418E-DF80-DD63-837B-DC268882575D} = {264AB4A7-31E5-1605-7432-438730A7A013}
	EndGlobalSection
	GlobalSection(ExtensibilityGlobals) = postSolution
		SolutionGuid = {96478EBE-8B19-44B4-AE16-57C4BEF9382A}
	EndGlobalSection
EndGlobal
